<?xml version="1.0" encoding="utf-8"?>
<Project ToolsVersion="4.0" xmlns="http://schemas.microsoft.com/developer/msbuild/2003">
  <ItemGroup>
    <Filter Include="リソース ファイル">
      <UniqueIdentifier>{67DA6AB6-F800-4c08-8B7A-83BB121AAD01}</UniqueIdentifier>
      <Extensions>rc;ico;cur;bmp;dlg;rc2;rct;bin;rgs;gif;jpg;jpeg;jpe;resx;tiff;tif;png;wav;mfcribbon-ms</Extensions>
    </Filter>
    <Filter Include="ソース ファイル">
      <UniqueIdentifier>{4FC737F1-C7A5-4376-A066-2A32D752A2FF}</UniqueIdentifier>
      <Extensions>cpp;c;cc;cxx;def;odl;idl;hpj;bat;asm;asmx</Extensions>
    </Filter>
    <Filter Include="ヘッダー ファイル">
      <UniqueIdentifier>{93995380-89BD-4b04-88EB-625FBE52EBFB}</UniqueIdentifier>
      <Extensions>h;hh;hpp;hxx;hm;inl;inc;ipp;xsd</Extensions>
    </Filter>
    <Filter Include="ソース ファイル\camera">
      <UniqueIdentifier>{b76ff35f-e0e4-4d18-9661-be7314fa5c95}</UniqueIdentifier>
    </Filter>
    <Filter Include="ソース ファイル\collision">
      <UniqueIdentifier>{bec589ef-7ddb-4137-81f7-1f6bd758f7bf}</UniqueIdentifier>
    </Filter>
    <Filter Include="ソース ファイル\debug">
      <UniqueIdentifier>{389d9512-e147-401f-82aa-8947d2a9a806}</UniqueIdentifier>
    </Filter>
    <Filter Include="ソース ファイル\field">
      <UniqueIdentifier>{34aaa094-83e2-4370-b398-54e1abc123d8}</UniqueIdentifier>
    </Filter>
    <Filter Include="ソース ファイル\player">
      <UniqueIdentifier>{3e11ff5d-3f78-46a3-a5cf-5e8c6e2e8534}</UniqueIdentifier>
    </Filter>
    <Filter Include="ソース ファイル\sound">
      <UniqueIdentifier>{33f5374a-6994-4cc6-a794-183f10b02a64}</UniqueIdentifier>
    </Filter>
    <Filter Include="ソース ファイル\menus">
      <UniqueIdentifier>{4347020d-2799-4081-b58c-97061cbbabda}</UniqueIdentifier>
    </Filter>
    <Filter Include="ソース ファイル\renderer">
      <UniqueIdentifier>{5265ef87-dc00-480b-b5b1-3e7f4b2dc3e9}</UniqueIdentifier>
    </Filter>
    <Filter Include="ソース ファイル\enemy">
      <UniqueIdentifier>{4d5e6f7a-8b9c-0d1e-2f3a-4b5c6d7e8f9a}</UniqueIdentifier>
    </Filter>
    <Filter Include="ヘッダー ファイル\camera">
      <UniqueIdentifier>{a521ef3b-18b4-472d-8b01-fb264f3d2e10}</UniqueIdentifier>
    </Filter>
    <Filter Include="ヘッダー ファイル\collision">
      <UniqueIdentifier>{c4f9bc21-7a5d-4a11-80f2-794d2cb64f3e}</UniqueIdentifier>
    </Filter>
    <Filter Include="ヘッダー ファイル\debug">
      <UniqueIdentifier>{d105fa3d-8b3c-4bf0-96f3-10bc49ab1264}</UniqueIdentifier>
    </Filter>
    <Filter Include="ヘッダー ファイル\field">
      <UniqueIdentifier>{e27bb124-0a3b-4cd3-bc12-f046de827c1a}</UniqueIdentifier>
    </Filter>
    <Filter Include="ヘッダー ファイル\player">
      <UniqueIdentifier>{f41ab195-2cde-49b6-80de-cd4e195bc4a1}</UniqueIdentifier>
    </Filter>
    <Filter Include="ヘッダー ファイル\sound">
      <UniqueIdentifier>{1a2b3c4d-5e6f-7a8b-9c0d-1e2f3a4b5c6d}</UniqueIdentifier>
    </Filter>
    <Filter Include="ヘッダー ファイル\menus">
      <UniqueIdentifier>{2b3c4d5e-6f7a-8b9c-0d1e-2f3a-4b5c6d7e8f9a}</UniqueIdentifier>
    </Filter>
    <Filter Include="ヘッダー ファイル\renderer">
      <UniqueIdentifier>{3c4d5e6f-7a8b-9c0d-1e2f-3a4b5c6d7e8f}</UniqueIdentifier>
    </Filter>
    <Filter Include="ヘッダー ファイル\enemy">
      <UniqueIdentifier>{5e6f7a8b-9c0d-1e2f-3a4b-5c6d7e8f9a0b}</UniqueIdentifier>
    </Filter>
  </ItemGroup>
  <ItemGroup>
    <ClInclude Include="Source\Public\main.h">
      <Filter>ヘッダー ファイル</Filter>
    </ClInclude>
    <ClInclude Include="Source\Public\camera.h">
      <Filter>ヘッダー ファイル\camera</Filter>
    </ClInclude>
    <ClInclude Include="Source\Public\collision.h">
      <Filter>ヘッダー ファイル\collision</Filter>
    </ClInclude>
    <ClInclude Include="Source\Public\debugproc.h">
      <Filter>ヘッダー ファイル\debug</Filter>
    </ClInclude>
    <ClInclude Include="Source\Public\enemy.h">
      <Filter>ヘッダー ファイル\enemy</Filter>
    </ClInclude>
    <ClInclude Include="Source\Public\meshfield.h">
      <Filter>ヘッダー ファイル\field</Filter>
    </ClInclude>
    <ClInclude Include="Source\Public\meshwall.h">
      <Filter>ヘッダー ファイル\field</Filter>
    </ClInclude>
    <ClInclude Include="Source\Public\skydome.h">
      <Filter>ヘッダー ファイル\field</Filter>
    </ClInclude>
    <ClInclude Include="Source\Public\tree.h">
      <Filter>ヘッダー ファイル\field</Filter>
    </ClInclude>
    <ClInclude Include="Source\Public\game.h">
      <Filter>ヘッダー ファイル\menus</Filter>
    </ClInclude>
    <ClInclude Include="Source\Public\fade.h">
      <Filter>ヘッダー ファイル\menus</Filter>
    </ClInclude>
    <ClInclude Include="Source\Public\title.h">
      <Filter>ヘッダー ファイル\menus</Filter>
    </ClInclude>
    <ClInclude Include="Source\Public\result.h">
      <Filter>ヘッダー ファイル\menus</Filter>
    </ClInclude>
    <ClInclude Include="Source\Public\player.h">
      <Filter>ヘッダー ファイル\player</Filter>
    </ClInclude>
    <ClInclude Include="Source\Public\playeranimation.h">
      <Filter>ヘッダー ファイル\player</Filter>
    </ClInclude>
    <ClInclude Include="Source\Public\shadow.h">
      <Filter>ヘッダー ファイル\player</Filter>
    </ClInclude>
    <ClInclude Include="Source\Public\sword.h">
      <Filter>ヘッダー ファイル\player</Filter>
    </ClInclude>
    <ClInclude Include="Source\Public\score.h">
      <Filter>ヘッダー ファイル\player</Filter>
    </ClInclude>
    <ClInclude Include="Source\Public\particle.h">
      <Filter>ヘッダー ファイル\player</Filter>
    </ClInclude>
    <ClInclude Include="Source\Public\model.h">
      <Filter>ヘッダー ファイル\player</Filter>
    </ClInclude>
    <ClInclude Include="Source\Public\input.h">
      <Filter>ヘッダー ファイル\player</Filter>
    </ClInclude>
    <ClInclude Include="Source\Public\UI.h">
      <Filter>ヘッダー ファイル\player</Filter>
    </ClInclude>
    <ClInclude Include="Source\Public\renderer.h">
      <Filter>ヘッダー ファイル\renderer</Filter>
    </ClInclude>
    <ClInclude Include="Source\Public\light.h">
      <Filter>ヘッダー ファイル\renderer</Filter>
    </ClInclude>
    <ClInclude Include="Source\Public\sprite.h">
      <Filter>ヘッダー ファイル\renderer</Filter>
    </ClInclude>
    <ClInclude Include="Source\Public\sound.h">
      <Filter>ヘッダー ファイル\sound</Filter>
    </ClInclude>
    <ClInclude Include="dissolve.h">
      <Filter>ヘッダー ファイル</Filter>
    </ClInclude>
  </ItemGroup>
  <ItemGroup>
    <ClCompile Include="Source\Private\main.cpp">
      <Filter>ソース ファイル</Filter>
    </ClCompile>
    <ClCompile Include="Source\Private\camera.cpp">
      <Filter>ソース ファイル\camera</Filter>
    </ClCompile>
    <ClCompile Include="Source\Private\collision.cpp">
      <Filter>ソース ファイル\collision</Filter>
    </ClCompile>
    <ClCompile Include="Source\Private\debugproc.cpp">
      <Filter>ソース ファイル\debug</Filter>
    </ClCompile>
    <ClCompile Include="Source\Private\enemy.cpp">
      <Filter>ソース ファイル\enemy</Filter>
    </ClCompile>
    <ClCompile Include="Source\Private\meshfield.cpp">
      <Filter>ソース ファイル\field</Filter>
    </ClCompile>
    <ClCompile Include="Source\Private\meshwall.cpp">
      <Filter>ソース ファイル\field</Filter>
    </ClCompile>
    <ClCompile Include="Source\Private\skydome.cpp">
      <Filter>ソース ファイル\field</Filter>
    </ClCompile>
    <ClCompile Include="Source\Private\tree.cpp">
      <Filter>ソース ファイル\field</Filter>
    </ClCompile>
    <ClCompile Include="Source\Private\game.cpp">
      <Filter>ソース ファイル\menus</Filter>
    </ClCompile>
    <ClCompile Include="Source\Private\fade.cpp">
      <Filter>ソース ファイル\menus</Filter>
    </ClCompile>
    <ClCompile Include="Source\Private\title.cpp">
      <Filter>ソース ファイル\menus</Filter>
    </ClCompile>
    <ClCompile Include="Source\Private\result.cpp">
      <Filter>ソース ファイル\menus</Filter>
    </ClCompile>
    <ClCompile Include="Source\Private\player.cpp">
      <Filter>ソース ファイル\player</Filter>
    </ClCompile>
    <ClCompile Include="Source\Private\playeranimation.cpp">
      <Filter>ソース ファイル\player</Filter>
    </ClCompile>
    <ClCompile Include="Source\Private\shadow.cpp">
      <Filter>ソース ファイル\player</Filter>
    </ClCompile>
    <ClCompile Include="Source\Private\sword.cpp">
      <Filter>ソース ファイル\player</Filter>
    </ClCompile>
    <ClCompile Include="Source\Private\score.cpp">
      <Filter>ソース ファイル\player</Filter>
    </ClCompile>
    <ClCompile Include="Source\Private\particle.cpp">
      <Filter>ソース ファイル\player</Filter>
    </ClCompile>
    <ClCompile Include="Source\Private\model.cpp">
      <Filter>ソース ファイル\player</Filter>
    </ClCompile>
    <ClCompile Include="Source\Private\input.cpp">
      <Filter>ソース ファイル\player</Filter>
    </ClCompile>
    <ClCompile Include="Source\Private\UI.cpp">
      <Filter>ソース ファイル\player</Filter>
    </ClCompile>
    <ClCompile Include="Source\Private\renderer.cpp">
      <Filter>ソース ファイル\renderer</Filter>
    </ClCompile>
    <ClCompile Include="Source\Private\light.cpp">
      <Filter>ソース ファイル\renderer</Filter>
    </ClCompile>
    <ClCompile Include="Source\Private\sprite.cpp">
      <Filter>ソース ファイル\renderer</Filter>
    </ClCompile>
    <ClCompile Include="Source\Private\sound.cpp">
      <Filter>ソース ファイル\sound</Filter>
    </ClCompile>
    <ClCompile Include="Source\Private\dissolve.cpp">
      <Filter>ソース ファイル</Filter>
    </ClCompile>
  </ItemGroup>
  <ItemGroup>
    <None Include="shader.hlsl">
      <Filter>リソース ファイル</Filter>
    </None>
  </ItemGroup>
</Project>